
Microsoft Visual Studio Solution File, Format Version 12.00
# Visual Studio Version 17
VisualStudioVersion = 17.7.34221.43
MinimumVisualStudioVersion = 10.0.40219.1
Project("{FAE04EC0-301F-11D3-BF4B-00C04F79EFBC}") = "EFW3School", "EFW3School\EFW3School.csproj", "{1BF4557F-9209-4EAF-B051-2DE63BEF90B5}"
EndProject
Project("{FAE04EC0-301F-11D3-BF4B-00C04F79EFBC}") = "EFW3School.library", "EFW3School.library\EFW3School.library.csproj", "{D5D2BBC4-1608-4FB5-AD66-C9F86953D68E}"
EndProject
Global
	GlobalSection(SolutionConfigurationPlatforms) = preSolution
		Debug|Any CPU = Debug|Any CPU
		Release|Any CPU = Release|Any CPU
	EndGlobalSection
	GlobalSection(ProjectConfigurationPlatforms) = postSolution
		{1BF4557F-9209-4EAF-B051-2DE63BEF90B5}.Debug|Any CPU.ActiveCfg = Debug|Any CPU
		{1BF4557F-9209-4EAF-B051-2DE63BEF90B5}.Debug|Any CPU.Build.0 = Debug|Any CPU
		{1BF4557F-9209-4EAF-B051-2DE63BEF90B5}.Release|Any CPU.ActiveCfg = Release|Any CPU
		{1BF4557F-9209-4EAF-B051-2DE63BEF90B5}.Release|Any CPU.Build.0 = Release|Any CPU
		{D5D2BBC4-1608-4FB5-AD66-C9F86953D68E}.Debug|Any CPU.ActiveCfg = Debug|Any CPU
		{D5D2BBC4-1608-4FB5-AD66-C9F86953D68E}.Debug|Any CPU.Build.0 = Debug|Any CPU
		{D5D2BBC4-1608-4FB5-AD66-C9F86953D68E}.Release|Any CPU.ActiveCfg = Release|Any CPU
		{D5D2BBC4-1608-4FB5-AD66-C9F86953D68E}.Release|Any CPU.Build.0 = Release|Any CPU
	EndGlobalSection
	GlobalSection(SolutionProperties) = preSolution
		HideSolutionNode = FALSE
	EndGlobalSection
	GlobalSection(ExtensibilityGlobals) = postSolution
		SolutionGuid = {F2843AAD-3A1A-412E-BE71-11D707ADF985}
	EndGlobalSection
EndGlobal
